
Microsoft Visual Studio Solution File, Format Version 12.00
# Visual Studio Version 16
VisualStudioVersion = 16.0.30717.126
MinimumVisualStudioVersion = 10.0.40219.1
Project("{FAE04EC0-301F-11D3-BF4B-00C04F79EFBC}") = "DizuAutomation", "DizuAutomation\DizuAutomation.csproj", "{AF1FC8B5-00D5-4D10-B0D2-EAE475249442}"
EndProject
Global
	GlobalSection(SolutionConfigurationPlatforms) = preSolution
		Debug|Any CPU = Debug|Any CPU
		Release|Any CPU = Release|Any CPU
	EndGlobalSection
	GlobalSection(ProjectConfigurationPlatforms) = postSolution
		{AF1FC8B5-00D5-4D10-B0D2-EAE475249442}.Debug|Any CPU.ActiveCfg = Debug|Any CPU
		{AF1FC8B5-00D5-4D10-B0D2-EAE475249442}.Debug|Any CPU.Build.0 = Debug|Any CPU
		{AF1FC8B5-00D5-4D10-B0D2-EAE475249442}.Release|Any CPU.ActiveCfg = Release|Any CPU
		{AF1FC8B5-00D5-4D10-B0D2-EAE475249442}.Release|Any CPU.Build.0 = Release|Any CPU
	EndGlobalSection
	GlobalSection(SolutionProperties) = preSolution
		HideSolutionNode = FALSE
	EndGlobalSection
	GlobalSection(ExtensibilityGlobals) = postSolution
		SolutionGuid = {A7E8BE84-42DE-489A-BF37-138A9AB37D01}
	EndGlobalSection
EndGlobal
